
Microsoft Visual Studio Solution File, Format Version 12.00
# Visual Studio 14
VisualStudioVersion = 14.0.25123.0
MinimumVisualStudioVersion = 10.0.40219.1
Project("{FAE04EC0-301F-11D3-BF4B-00C04F79EFBC}") = "RedisqlTest", "RedisqlTest\RedisqlTest.csproj", "{3ED41B5F-6A31-4045-8FB0-34A8D18B1A7D}"
EndProject
Project("{FAE04EC0-301F-11D3-BF4B-00C04F79EFBC}") = "Redisql", "Redisql\Redisql.csproj", "{96785247-ACDF-424D-96C7-739008EBAD16}"
EndProject
Global
	GlobalSection(SolutionConfigurationPlatforms) = preSolution
		Debug|Any CPU = Debug|Any CPU
		Release|Any CPU = Release|Any CPU
	EndGlobalSection
	GlobalSection(ProjectConfigurationPlatforms) = postSolution
		{3ED41B5F-6A31-4045-8FB0-34A8D18B1A7D}.Debug|Any CPU.ActiveCfg = Debug|Any CPU
		{3ED41B5F-6A31-4045-8FB0-34A8D18B1A7D}.Debug|Any CPU.Build.0 = Debug|Any CPU
		{3ED41B5F-6A31-4045-8FB0-34A8D18B1A7D}.Release|Any CPU.ActiveCfg = Release|Any CPU
		{3ED41B5F-6A31-4045-8FB0-34A8D18B1A7D}.Release|Any CPU.Build.0 = Release|Any CPU
		{96785247-ACDF-424D-96C7-739008EBAD16}.Debug|Any CPU.ActiveCfg = Debug|Any CPU
		{96785247-ACDF-424D-96C7-739008EBAD16}.Debug|Any CPU.Build.0 = Debug|Any CPU
		{96785247-ACDF-424D-96C7-739008EBAD16}.Release|Any CPU.ActiveCfg = Release|Any CPU
		{96785247-ACDF-424D-96C7-739008EBAD16}.Release|Any CPU.Build.0 = Release|Any CPU
	EndGlobalSection
	GlobalSection(SolutionProperties) = preSolution
		HideSolutionNode = FALSE
	EndGlobalSection
EndGlobal
